buf.build/gen/go/bufbuild/protovalidate/protocolbuffers/go v1.36.11-20260415201107-50325440f8f2.1 h1:s6hzCXtND/ICdGPTMGk7C+/BFlr2Jg5GyH0NKf4XGXg=
buf.build/gen/go/bufbuild/protovalidate/protocolbuffers/go v1.36.11-20260415201107-50325440f8f2.1/go.mod h1:tvtbpgaVXZX4g6Pn+AnzFycuRK3MOz5HJfEGeEllXYM=
github.com/cloudflare/circl v1.6.2 h1:hL7VBpHHKzrV5WTfHCaBsgx/HGbBYlgrwvNXEVDYYsQ=
github.com/cloudflare/circl v1.6.2/go.mod h1:2eXP6Qfat4O/Yhh8BznvKnJ+uzEoTQ6jVKJRn81BiS4=
github.com/daotl/protoc-gen-go-enums v1.7.0 h1:tZOas85PeLKPiBAoS7p0Ei4HT/NoRH4Gtmc2dfJGlvo=
github.com/daotl/protoc-gen-go-enums v1.7.0/go.mod h1:cRPmUbiPMayL5UPvLe+weieqFyq+fWj5TlHNTM764qM=
github.com/daotl/protoc-gen-go-string-consts v1.1.0 h1:XQ+oqNnugXpcO/m/PydAnt0MT69aOQArIWSqBF3A7ks=
github.com/daotl/protoc-gen-go-string-consts v1.1.0/go.mod h1:RYtCThYJkR6u30nvef6g11OSxS4r9oz0SPBLgVynpT8=
github.com/google/go-cmp v0.7.0 h1:wk8382ETsv4JYUZwIsn6YpYiWiBsYLSJiTsyBybVuN8=
github.com/google/go-cmp v0.7.0/go.mod h1:pXiqmnSA92OHEEa9HXL2W4E7lf9JzCmGVUdgjX3N/iU=
github.com/google/uuid v1.6.0 h1:NIvaJDMOsjHA8n1jAhLSgzrAzy1Hgr+hNrb57e+94F0=
github.com/google/uuid v1.6.0/go.mod h1:TIyPZe4MgqvfeYDBFedMoGGpEw/LqOeaOT+nhxU+yHo=
github.com/mr-tron/base58 v1.2.0 h1:T/HDJBh4ZCPbU39/+c3rRvE0uKBQlU27+QI8LJ4t64o=
github.com/mr-tron/base58 v1.2.0/go.mod h1:BinMc/sQntlIE1frQmRFPUoPA1Zkr8VRgBdjWI2mNwc=
golang.org/x/sys v0.37.0 h1:fdNQudmxPjkdUTPnLn5mdQv7Zwvbvpaxqs831goi9kQ=
golang.org/x/sys v0.37.0/go.mod h1:OgkHotnGiDImocRcuBABYBEXf8A9a87e/uXjp9XT3ks=
google.golang.org/protobuf v1.36.11 h1:fV6ZwhNocDyBLK0dj+fg8ektcVegBBuEolpbTQyBNVE=
google.golang.org/protobuf v1.36.11/go.mod h1:HTf+CrKn2C3g5S8VImy6tdcUvCska2kB7j23XfzDpco=
